
Microsoft Visual Studio Solution File, Format Version 12.00
# Visual Studio Version 16
VisualStudioVersion = 16.0.29509.3
MinimumVisualStudioVersion = 10.0.40219.1
Project("{9A19103F-16F7-4668-BE54-9A1E7A4F7556}") = "RedeSocial", "RedeSocial\RedeSocial.csproj", "{8B990DC5-36F1-432D-9C84-F4CB51949230}"
EndProject
Project("{9A19103F-16F7-4668-BE54-9A1E7A4F7556}") = "Dominio", "Dominio\Dominio.csproj", "{3DB4CB62-254B-4B09-8CCF-18B44E1CC5A8}"
EndProject
Project("{9A19103F-16F7-4668-BE54-9A1E7A4F7556}") = "Banco", "Banco\Banco.csproj", "{21C53666-650C-4AF1-8DB8-C462E00B49F6}"
EndProject
Project("{2150E333-8FDC-42A3-9474-1A3956D46DE8}") = "API", "API", "{27F1AF36-F124-4CEC-8BED-3695CE79F384}"
EndProject
Project("{9A19103F-16F7-4668-BE54-9A1E7A4F7556}") = "ArrecadacaoAPI", "ArrecadacaoAPI\ArrecadacaoAPI.csproj", "{A088E22A-1097-4396-B67C-1BA7EB6DC12B}"
EndProject
Project("{9A19103F-16F7-4668-BE54-9A1E7A4F7556}") = "DoacaoAPI", "DoacaoAPI\DoacaoAPI.csproj", "{F30F6A22-E0F7-4F43-8535-B047C6A3DC13}"
EndProject
Project("{9A19103F-16F7-4668-BE54-9A1E7A4F7556}") = "CadastroAPI", "CadastroAPI\CadastroAPI.csproj", "{256EEFB6-FF9D-482F-A710-5E1659B53278}"
EndProject
Project("{9A19103F-16F7-4668-BE54-9A1E7A4F7556}") = "ContatoAPI", "ContatoAPI\ContatoAPI.csproj", "{15C7C887-DA48-4273-BE8E-172824ED6C95}"
EndProject
Project("{9A19103F-16F7-4668-BE54-9A1E7A4F7556}") = "EnderecoAPI", "EnderecoAPI\EnderecoAPI.csproj", "{3A4FD9E5-B779-425F-BCDD-977E22CCDF52}"
EndProject
Project("{9A19103F-16F7-4668-BE54-9A1E7A4F7556}") = "EventoAPI", "EventoAPI\EventoAPI.csproj", "{596578BD-A80C-4424-BD96-83381C0CF3BE}"
EndProject
Project("{9A19103F-16F7-4668-BE54-9A1E7A4F7556}") = "OficinaAPI", "OficinaAPI\OficinaAPI.csproj", "{AD8BF630-3E81-4201-AF1A-F0E31357EAF9}"
EndProject
Project("{FAE04EC0-301F-11D3-BF4B-00C04F79EFBC}") = "PessoaFisicaAPI", "PessoaFisicaAPI\PessoaFisicaAPI.csproj", "{85A861AE-8F30-4D37-A37B-6B3741712F3A}"
EndProject
Project("{FAE04EC0-301F-11D3-BF4B-00C04F79EFBC}") = "PessoaJuridicaAPI", "PessoaJuridicaAPI\PessoaJuridicaAPI.csproj", "{77F75F90-AFF4-4E11-8C39-18BE3777CA1F}"
EndProject
Global
	GlobalSection(SolutionConfigurationPlatforms) = preSolution
		Debug|Any CPU = Debug|Any CPU
		Release|Any CPU = Release|Any CPU
	EndGlobalSection
	GlobalSection(ProjectConfigurationPlatforms) = postSolution
		{8B990DC5-36F1-432D-9C84-F4CB51949230}.Debug|Any CPU.ActiveCfg = Debug|Any CPU
		{8B990DC5-36F1-432D-9C84-F4CB51949230}.Debug|Any CPU.Build.0 = Debug|Any CPU
		{8B990DC5-36F1-432D-9C84-F4CB51949230}.Release|Any CPU.ActiveCfg = Release|Any CPU
		{8B990DC5-36F1-432D-9C84-F4CB51949230}.Release|Any CPU.Build.0 = Release|Any CPU
		{3DB4CB62-254B-4B09-8CCF-18B44E1CC5A8}.Debug|Any CPU.ActiveCfg = Debug|Any CPU
		{3DB4CB62-254B-4B09-8CCF-18B44E1CC5A8}.Debug|Any CPU.Build.0 = Debug|Any CPU
		{3DB4CB62-254B-4B09-8CCF-18B44E1CC5A8}.Release|Any CPU.ActiveCfg = Release|Any CPU
		{3DB4CB62-254B-4B09-8CCF-18B44E1CC5A8}.Release|Any CPU.Build.0 = Release|Any CPU
		{21C53666-650C-4AF1-8DB8-C462E00B49F6}.Debug|Any CPU.ActiveCfg = Debug|Any CPU
		{21C53666-650C-4AF1-8DB8-C462E00B49F6}.Debug|Any CPU.Build.0 = Debug|Any CPU
		{21C53666-650C-4AF1-8DB8-C462E00B49F6}.Release|Any CPU.ActiveCfg = Release|Any CPU
		{21C53666-650C-4AF1-8DB8-C462E00B49F6}.Release|Any CPU.Build.0 = Release|Any CPU
		{A088E22A-1097-4396-B67C-1BA7EB6DC12B}.Debug|Any CPU.ActiveCfg = Debug|Any CPU
		{A088E22A-1097-4396-B67C-1BA7EB6DC12B}.Debug|Any CPU.Build.0 = Debug|Any CPU
		{A088E22A-1097-4396-B67C-1BA7EB6DC12B}.Release|Any CPU.ActiveCfg = Release|Any CPU
		{A088E22A-1097-4396-B67C-1BA7EB6DC12B}.Release|Any CPU.Build.0 = Release|Any CPU
		{F30F6A22-E0F7-4F43-8535-B047C6A3DC13}.Debug|Any CPU.ActiveCfg = Debug|Any CPU
		{F30F6A22-E0F7-4F43-8535-B047C6A3DC13}.Debug|Any CPU.Build.0 = Debug|Any CPU
		{F30F6A22-E0F7-4F43-8535-B047C6A3DC13}.Release|Any CPU.ActiveCfg = Release|Any CPU
		{F30F6A22-E0F7-4F43-8535-B047C6A3DC13}.Release|Any CPU.Build.0 = Release|Any CPU
		{256EEFB6-FF9D-482F-A710-5E1659B53278}.Debug|Any CPU.ActiveCfg = Debug|Any CPU
		{256EEFB6-FF9D-482F-A710-5E1659B53278}.Debug|Any CPU.Build.0 = Debug|Any CPU
		{256EEFB6-FF9D-482F-A710-5E1659B53278}.Release|Any CPU.ActiveCfg = Release|Any CPU
		{256EEFB6-FF9D-482F-A710-5E1659B53278}.Release|Any CPU.Build.0 = Release|Any CPU
		{15C7C887-DA48-4273-BE8E-172824ED6C95}.Debug|Any CPU.ActiveCfg = Debug|Any CPU
		{15C7C887-DA48-4273-BE8E-172824ED6C95}.Debug|Any CPU.Build.0 = Debug|Any CPU
		{15C7C887-DA48-4273-BE8E-172824ED6C95}.Release|Any CPU.ActiveCfg = Release|Any CPU
		{15C7C887-DA48-4273-BE8E-172824ED6C95}.Release|Any CPU.Build.0 = Release|Any CPU
		{3A4FD9E5-B779-425F-BCDD-977E22CCDF52}.Debug|Any CPU.ActiveCfg = Debug|Any CPU
		{3A4FD9E5-B779-425F-BCDD-977E22CCDF52}.Debug|Any CPU.Build.0 = Debug|Any CPU
		{3A4FD9E5-B779-425F-BCDD-977E22CCDF52}.Release|Any CPU.ActiveCfg = Release|Any CPU
		{3A4FD9E5-B779-425F-BCDD-977E22CCDF52}.Release|Any CPU.Build.0 = Release|Any CPU
		{596578BD-A80C-4424-BD96-83381C0CF3BE}.Debug|Any CPU.ActiveCfg = Debug|Any CPU
		{596578BD-A80C-4424-BD96-83381C0CF3BE}.Debug|Any CPU.Build.0 = Debug|Any CPU
		{596578BD-A80C-4424-BD96-83381C0CF3BE}.Release|Any CPU.ActiveCfg = Release|Any CPU
		{596578BD-A80C-4424-BD96-83381C0CF3BE}.Release|Any CPU.Build.0 = Release|Any CPU
		{AD8BF630-3E81-4201-AF1A-F0E31357EAF9}.Debug|Any CPU.ActiveCfg = Debug|Any CPU
		{AD8BF630-3E81-4201-AF1A-F0E31357EAF9}.Debug|Any CPU.Build.0 = Debug|Any CPU
		{AD8BF630-3E81-4201-AF1A-F0E31357EAF9}.Release|Any CPU.ActiveCfg = Release|Any CPU
		{AD8BF630-3E81-4201-AF1A-F0E31357EAF9}.Release|Any CPU.Build.0 = Release|Any CPU
		{85A861AE-8F30-4D37-A37B-6B3741712F3A}.Debug|Any CPU.ActiveCfg = Debug|Any CPU
		{85A861AE-8F30-4D37-A37B-6B3741712F3A}.Debug|Any CPU.Build.0 = Debug|Any CPU
		{85A861AE-8F30-4D37-A37B-6B3741712F3A}.Release|Any CPU.ActiveCfg = Release|Any CPU
		{85A861AE-8F30-4D37-A37B-6B3741712F3A}.Release|Any CPU.Build.0 = Release|Any CPU
		{77F75F90-AFF4-4E11-8C39-18BE3777CA1F}.Debug|Any CPU.ActiveCfg = Debug|Any CPU
		{77F75F90-AFF4-4E11-8C39-18BE3777CA1F}.Debug|Any CPU.Build.0 = Debug|Any CPU
		{77F75F90-AFF4-4E11-8C39-18BE3777CA1F}.Release|Any CPU.ActiveCfg = Release|Any CPU
		{77F75F90-AFF4-4E11-8C39-18BE3777CA1F}.Release|Any CPU.Build.0 = Release|Any CPU
	EndGlobalSection
	GlobalSection(SolutionProperties) = preSolution
		HideSolutionNode = FALSE
	EndGlobalSection
	GlobalSection(NestedProjects) = preSolution
		{A088E22A-1097-4396-B67C-1BA7EB6DC12B} = {27F1AF36-F124-4CEC-8BED-3695CE79F384}
		{F30F6A22-E0F7-4F43-8535-B047C6A3DC13} = {27F1AF36-F124-4CEC-8BED-3695CE79F384}
		{256EEFB6-FF9D-482F-A710-5E1659B53278} = {27F1AF36-F124-4CEC-8BED-3695CE79F384}
		{15C7C887-DA48-4273-BE8E-172824ED6C95} = {27F1AF36-F124-4CEC-8BED-3695CE79F384}
		{3A4FD9E5-B779-425F-BCDD-977E22CCDF52} = {27F1AF36-F124-4CEC-8BED-3695CE79F384}
		{596578BD-A80C-4424-BD96-83381C0CF3BE} = {27F1AF36-F124-4CEC-8BED-3695CE79F384}
		{AD8BF630-3E81-4201-AF1A-F0E31357EAF9} = {27F1AF36-F124-4CEC-8BED-3695CE79F384}
		{85A861AE-8F30-4D37-A37B-6B3741712F3A} = {27F1AF36-F124-4CEC-8BED-3695CE79F384}
		{77F75F90-AFF4-4E11-8C39-18BE3777CA1F} = {27F1AF36-F124-4CEC-8BED-3695CE79F384}
	EndGlobalSection
	GlobalSection(ExtensibilityGlobals) = postSolution
		SolutionGuid = {5F2D85C1-A1FD-41A4-91E1-86FE16B2B8FF}
	EndGlobalSection
EndGlobal
